# This file is automatically @generated by Cargo.
# It is not intended for manual editing.
[[package]]
name = "graph"
version = "0.1.0"
source = "git+https://github.com/m4dh0rs3/graph.git#bd77057d828c0a055cffe96159f2351748f0721f"

[[package]]
name = "math"
version = "0.1.0"
source = "git+https://github.com/m4dh0rs3/math.git#d09c5049b21d3c0dec09ac8d52e6439690284770"

[[package]]
name = "pyc"
version = "0.1.0"
dependencies = [
 "graph",
 "math",
]
