# This file is automatically @generated by Cargo.
# It is not intended for manual editing.
[[package]]
name = "math"
version = "0.1.0"
source = "git+https://github.com/m4dh0rs3/math.git#200b1269088f57892853f90a597ed9cea0f8d1be"

[[package]]
name = "pyc-backend"
version = "0.2.0"
dependencies = [
 "math",
]

[[package]]
name = "pyc-frontend"
version = "0.2.0"
