# This file is automatically @generated by Cargo.
# It is not intended for manual editing.
[[package]]
name = "graph"
version = "0.1.0"
source = "git+https://github.com/m4dh0rs3/graph.git#cbc9c349ee21bed0b4cd2a4a12d6ab8a7fcb14c9"

[[package]]
name = "math"
version = "0.1.0"
source = "git+https://github.com/m4dh0rs3/math.git#ad1f42fcaea800d7f05a1754c797fb9d6cf09f1e"

[[package]]
name = "pyc"
version = "0.1.0"
dependencies = [
 "graph",
 "math",
]
